
Microsoft Visual Studio Solution File, Format Version 12.00
# Visual Studio Version 16
VisualStudioVersion = 16.0.31205.134
MinimumVisualStudioVersion = 10.0.40219.1
Project("{FAE04EC0-301F-11D3-BF4B-00C04F79EFBC}") = "Homework 5.0", "Homework 5.0.csproj", "{2B6E3EA5-294D-49C2-A559-8EE40DBEF159}"
EndProject
Project("{FAE04EC0-301F-11D3-BF4B-00C04F79EFBC}") = "Homework 5.1", "..\Homework 5.1\Homework 5.1.csproj", "{B469F9B3-B2B3-4AD8-89CF-8FA7B6B373F3}"
EndProject
Global
	GlobalSection(SolutionConfigurationPlatforms) = preSolution
		Debug|Any CPU = Debug|Any CPU
		Release|Any CPU = Release|Any CPU
	EndGlobalSection
	GlobalSection(ProjectConfigurationPlatforms) = postSolution
		{2B6E3EA5-294D-49C2-A559-8EE40DBEF159}.Debug|Any CPU.ActiveCfg = Debug|Any CPU
		{2B6E3EA5-294D-49C2-A559-8EE40DBEF159}.Debug|Any CPU.Build.0 = Debug|Any CPU
		{2B6E3EA5-294D-49C2-A559-8EE40DBEF159}.Release|Any CPU.ActiveCfg = Release|Any CPU
		{2B6E3EA5-294D-49C2-A559-8EE40DBEF159}.Release|Any CPU.Build.0 = Release|Any CPU
		{B469F9B3-B2B3-4AD8-89CF-8FA7B6B373F3}.Debug|Any CPU.ActiveCfg = Debug|Any CPU
		{B469F9B3-B2B3-4AD8-89CF-8FA7B6B373F3}.Debug|Any CPU.Build.0 = Debug|Any CPU
		{B469F9B3-B2B3-4AD8-89CF-8FA7B6B373F3}.Release|Any CPU.ActiveCfg = Release|Any CPU
		{B469F9B3-B2B3-4AD8-89CF-8FA7B6B373F3}.Release|Any CPU.Build.0 = Release|Any CPU
	EndGlobalSection
	GlobalSection(SolutionProperties) = preSolution
		HideSolutionNode = FALSE
	EndGlobalSection
	GlobalSection(ExtensibilityGlobals) = postSolution
		SolutionGuid = {A31712D7-4C8E-41D6-ABC7-45AF9F0ADBCC}
	EndGlobalSection
EndGlobal
